<?xml version="1.0" encoding="utf-8"?>
<Project ToolsVersion="4.0" xmlns="http://schemas.microsoft.com/developer/msbuild/2003">
  <ItemGroup>
    <Filter Include="Source Files">
      <UniqueIdentifier>{4FC737F1-C7A5-4376-A066-2A32D752A2FF}</UniqueIdentifier>
      <Extensions>cpp;c;cc;cxx;c++;cppm;ixx;def;odl;idl;hpj;bat;asm;asmx</Extensions>
    </Filter>
    <Filter Include="Header Files">
      <UniqueIdentifier>{93995380-89BD-4b04-88EB-625FBE52EBFB}</UniqueIdentifier>
      <Extensions>h;hh;hpp;hxx;h++;hm;inl;inc;ipp;xsd</Extensions>
    </Filter>
    <Filter Include="Resource Files">
      <UniqueIdentifier>{67DA6AB6-F800-4c08-8B7A-83BB121AAD01}</UniqueIdentifier>
      <Extensions>rc;ico;cur;bmp;dlg;rc2;rct;bin;rgs;gif;jpg;jpeg;jpe;resx;tiff;tif;png;wav;mfcribbon-ms</Extensions>
    </Filter>
    <Filter Include="external_libs">
      <UniqueIdentifier>{21e195d3-4de7-4779-90e5-51eb3bb0ea7a}</UniqueIdentifier>
    </Filter>
    <Filter Include="core">
      <UniqueIdentifier>{02b092f6-5c6b-4b5b-a814-ddba0f12928f}</UniqueIdentifier>
    </Filter>
  </ItemGroup>
  <ItemGroup>
    <ClCompile Include="main.cpp">
      <Filter>Source Files</Filter>
    </ClCompile>
    <ClCompile Include="setup.cpp">
      <Filter>Source Files</Filter>
    </ClCompile>
    <ClCompile Include="..\libs\src\imgui_impl_glfw.cpp">
      <Filter>external_libs</Filter>
    </ClCompile>
    <ClCompile Include="..\libs\src\imgui_impl_opengl3.cpp">
      <Filter>external_libs</Filter>
    </ClCompile>
    <ClCompile Include="..\libs\src\imgui_stdlib.cpp">
      <Filter>external_libs</Filter>
    </ClCompile>
    <ClCompile Include="..\libs\src\imgui_tables.cpp">
      <Filter>external_libs</Filter>
    </ClCompile>
    <ClCompile Include="..\libs\src\imgui_widgets.cpp">
      <Filter>external_libs</Filter>
    </ClCompile>
    <ClCompile Include="..\libs\src\gl.c">
      <Filter>external_libs</Filter>
    </ClCompile>
    <ClCompile Include="..\libs\src\imgui.cpp">
      <Filter>external_libs</Filter>
    </ClCompile>
    <ClCompile Include="..\libs\src\imgui_demo.cpp">
      <Filter>external_libs</Filter>
    </ClCompile>
    <ClCompile Include="..\libs\src\imgui_draw.cpp">
      <Filter>external_libs</Filter>
    </ClCompile>
    <ClCompile Include="graph.cpp">
      <Filter>Source Files</Filter>
    </ClCompile>
    <ClCompile Include="shader.cpp">
      <Filter>Source Files</Filter>
    </ClCompile>
    <ClCompile Include="buffer.cpp">
      <Filter>Source Files</Filter>
    </ClCompile>
    <ClCompile Include="tools.cpp">
      <Filter>Source Files</Filter>
    </ClCompile>
    <ClCompile Include="type_support.cpp">
      <Filter>Source Files</Filter>
    </ClCompile>
    <ClCompile Include="framebuffers.cpp">
      <Filter>Source Files</Filter>
    </ClCompile>
    <ClCompile Include="texture.cpp">
      <Filter>Source Files</Filter>
    </ClCompile>
    <ClCompile Include="core\canvas.cpp">
      <Filter>core</Filter>
    </ClCompile>
    <ClCompile Include="implementations.cpp">
      <Filter>Source Files</Filter>
    </ClCompile>
    <ClCompile Include="engine.cpp">
      <Filter>Source Files</Filter>
    </ClCompile>
    <ClCompile Include="vertex_data.cpp">
      <Filter>Source Files</Filter>
    </ClCompile>
    <ClCompile Include="timing_provider.cpp">
      <Filter>Source Files</Filter>
    </ClCompile>
    <ClCompile Include="universe.cpp">
      <Filter>Source Files</Filter>
    </ClCompile>
    <ClCompile Include="..\libs\src\fmt\format.cc">
      <Filter>external_libs</Filter>
    </ClCompile>
    <ClCompile Include="universe_creation.cpp">
      <Filter>Source Files</Filter>
    </ClCompile>
  </ItemGroup>
  <ItemGroup>
    <ClInclude Include="tools.h">
      <Filter>Header Files</Filter>
    </ClInclude>
    <ClInclude Include="setup.h">
      <Filter>Header Files</Filter>
    </ClInclude>
    <ClInclude Include="graph.h">
      <Filter>Header Files</Filter>
    </ClInclude>
    <ClInclude Include="buffer.h">
      <Filter>Header Files</Filter>
    </ClInclude>
    <ClInclude Include="shader.h">
      <Filter>Header Files</Filter>
    </ClInclude>
    <ClInclude Include="type_support.h">
      <Filter>Header Files</Filter>
    </ClInclude>
    <ClInclude Include="framebuffers.h">
      <Filter>Header Files</Filter>
    </ClInclude>
    <ClInclude Include="texture.h">
      <Filter>Header Files</Filter>
    </ClInclude>
    <ClInclude Include="core\canvas.h">
      <Filter>core</Filter>
    </ClInclude>
    <ClInclude Include="engine.h">
      <Filter>Header Files</Filter>
    </ClInclude>
    <ClInclude Include="vertex_data.h">
      <Filter>Header Files</Filter>
    </ClInclude>
    <ClInclude Include="timing_provider.h">
      <Filter>Header Files</Filter>
    </ClInclude>
    <ClInclude Include="logging.h">
      <Filter>Header Files</Filter>
    </ClInclude>
    <ClInclude Include="opengl_stringify.h">
      <Filter>Header Files</Filter>
    </ClInclude>
    <ClInclude Include="universe.h">
      <Filter>Header Files</Filter>
    </ClInclude>
    <ClInclude Include="universe_creation.h">
      <Filter>Header Files</Filter>
    </ClInclude>
  </ItemGroup>
</Project>